
Microsoft Visual Studio Solution File, Format Version 12.00
# Visual Studio Version 17
VisualStudioVersion = 17.5.002.0
MinimumVisualStudioVersion = 10.0.40219.1
Project("{9A19103F-16F7-4668-BE54-9A1E7A4F7556}") = "MobileChatApp", "MobileChatApp.csproj", "{B04D9ECE-03E9-4CBB-A02A-D8FADA2EFD99}"
EndProject
Global
	GlobalSection(SolutionConfigurationPlatforms) = preSolution
		Debug|Any CPU = Debug|Any CPU
		Release|Any CPU = Release|Any CPU
	EndGlobalSection
	GlobalSection(ProjectConfigurationPlatforms) = postSolution
		{B04D9ECE-03E9-4CBB-A02A-D8FADA2EFD99}.Debug|Any CPU.ActiveCfg = Debug|Any CPU
		{B04D9ECE-03E9-4CBB-A02A-D8FADA2EFD99}.Debug|Any CPU.Build.0 = Debug|Any CPU
		{B04D9ECE-03E9-4CBB-A02A-D8FADA2EFD99}.Release|Any CPU.ActiveCfg = Release|Any CPU
		{B04D9ECE-03E9-4CBB-A02A-D8FADA2EFD99}.Release|Any CPU.Build.0 = Release|Any CPU
	EndGlobalSection
	GlobalSection(SolutionProperties) = preSolution
		HideSolutionNode = FALSE
	EndGlobalSection
	GlobalSection(ExtensibilityGlobals) = postSolution
		SolutionGuid = {835FF1BD-1C82-46E2-98D2-1B2B95DF878A}
	EndGlobalSection
EndGlobal
